{
  "name": "workspace",
  "lockfileVersion": 3,
  "requires": true,
  "packages": {
    "": {
      "dependencies": {
        "@oomol/types": "^0.0.34"
      }
    },
    "node_modules/@oomol/types": {
      "version": "0.0.34",
      "resolved": "https://registry.npmmirror.com/@oomol/types/-/types-0.0.34.tgz",
      "integrity": "sha512-vUNXRBUrK4IbVN0yUZNy+MZoJQe4C9IvbeqY6OLJBQWC3CqldPUknd0T/Eqm/a4ecrPjUn5mqsRdvkDuTGqkQw==",
      "license": "MIT"
    }
  }
}
